# auto-generated by grc.converter

id: adsbout_adsb_ident_source
label: adsb_ident_source
category: '[adsbout]'

parameters:
-   id: ec
    label: ec
    dtype: int
    default: '3'
-   id: icao
    label: icao
    dtype: int
    default: '0x666888'
-   id: callsign
    label: callsign
    dtype: string
    default: AB123

outputs:
-   domain: stream
    dtype: byte

templates:
    imports: from gnuradio import adsbout
    make: adsbout.adsb_ident_source(${ec}, ${icao}, ${callsign})

file_format: 1
